// !$*UTF8*$!
{
	archiveVersion = 1;
	classes = {
	};
	objectVersion = 53;
	objects = {

/* Begin PBXBuildFile section */
		5B17A92724A2A45B00983643 /* DetailCellStyle.swift in Sources */ = {isa = PBXBuildFile; fileRef = 5B17A92624A2A45B00983643 /* DetailCellStyle.swift */; };
		5B22656B24952B5C00459517 /* Listable.swift in Sources */ = {isa = PBXBuildFile; fileRef = 5B22656A24952B5C00459517 /* Listable.swift */; };
		5B22656D2497CFB000459517 /* FavoriteListDataSource.swift in Sources */ = {isa = PBXBuildFile; fileRef = 5B22656C2497CFB000459517 /* FavoriteListDataSource.swift */; };
		5B2FF1DA24AC580A00DFD5FC /* DetailMaterialHeartCell.swift in Sources */ = {isa = PBXBuildFile; fileRef = 5B2FF1D924AC580A00DFD5FC /* DetailMaterialHeartCell.swift */; };
		5B2FF1DC24AD352400DFD5FC /* Hearts.swift in Sources */ = {isa = PBXBuildFile; fileRef = 5B2FF1DB24AD352400DFD5FC /* Hearts.swift */; };
		5B40173F249D141D00E64294 /* DetailMaterialLocationCell.swift in Sources */ = {isa = PBXBuildFile; fileRef = 5B40173E249D141D00E64294 /* DetailMaterialLocationCell.swift */; };
		5B401741249D16A100E64294 /* Potency.swift in Sources */ = {isa = PBXBuildFile; fileRef = 5B401740249D16A100E64294 /* Potency.swift */; };
		5B401745249F9FD400E64294 /* DetailPickerView.swift in Sources */ = {isa = PBXBuildFile; fileRef = 5B401744249F9FD400E64294 /* DetailPickerView.swift */; };
		5B40174924A0A32900E64294 /* TimeInterval.swift in Sources */ = {isa = PBXBuildFile; fileRef = 5B40174824A0A32900E64294 /* TimeInterval.swift */; };
		5B40174E24A0E3D300E64294 /* DetailMaterialPotencyCell.swift in Sources */ = {isa = PBXBuildFile; fileRef = 5B40174C24A0E3D300E64294 /* DetailMaterialPotencyCell.swift */; };
		5B40174F24A0E3D300E64294 /* DetailDishesCell.swift in Sources */ = {isa = PBXBuildFile; fileRef = 5B40174D24A0E3D300E64294 /* DetailDishesCell.swift */; };
		5B4E149B24A2A13F00FE95C5 /* Guidable.swift in Sources */ = {isa = PBXBuildFile; fileRef = 5B4E149A24A2A13F00FE95C5 /* Guidable.swift */; };
		5B4E149D24A2A16700FE95C5 /* Itemize.swift in Sources */ = {isa = PBXBuildFile; fileRef = 5B4E149C24A2A16700FE95C5 /* Itemize.swift */; };
		5B4E14A324A2A1B800FE95C5 /* UIImageView.swift in Sources */ = {isa = PBXBuildFile; fileRef = 5B4E14A224A2A1B800FE95C5 /* UIImageView.swift */; };
		5B592DEA24BAF71A00C2F8AF /* AboutView.swift in Sources */ = {isa = PBXBuildFile; fileRef = 5B592DE924BAF71A00C2F8AF /* AboutView.swift */; };
		5B592DEC24BAF79400C2F8AF /* AboutStore.swift in Sources */ = {isa = PBXBuildFile; fileRef = 5B592DEB24BAF79400C2F8AF /* AboutStore.swift */; };
		5B5AE3DA1E9E3E16008F5313 /* ListViewController.swift in Sources */ = {isa = PBXBuildFile; fileRef = 5B5AE3D91E9E3E16008F5313 /* ListViewController.swift */; };
		5B67AD8524C0BD8800D314E6 /* NotificationHandler.swift in Sources */ = {isa = PBXBuildFile; fileRef = 5B67AD8424C0BD8800D314E6 /* NotificationHandler.swift */; };
		5B67AD8724C0BDD000D314E6 /* UIBarButtonItem.swift in Sources */ = {isa = PBXBuildFile; fileRef = 5B67AD8624C0BDD000D314E6 /* UIBarButtonItem.swift */; };
		5B67AD8924C0C65D00D314E6 /* SegmentedControl.swift in Sources */ = {isa = PBXBuildFile; fileRef = 5B67AD8824C0C65D00D314E6 /* SegmentedControl.swift */; };
		5B67AD8B24C0C6B000D314E6 /* UITableView.swift in Sources */ = {isa = PBXBuildFile; fileRef = 5B67AD8A24C0C6B000D314E6 /* UITableView.swift */; };
		5B7C5D6F24C4542500AAAFE3 /* SearchController.swift in Sources */ = {isa = PBXBuildFile; fileRef = 5B7C5D6E24C4542500AAAFE3 /* SearchController.swift */; };
		5B8CAEE324992EB200C18B85 /* DetailMealMainIngredientCell.swift in Sources */ = {isa = PBXBuildFile; fileRef = 5B8CAEE224992EB200C18B85 /* DetailMealMainIngredientCell.swift */; };
		5B8CAEE52499360200C18B85 /* DetailMealPickerCell.swift in Sources */ = {isa = PBXBuildFile; fileRef = 5B8CAEE42499360200C18B85 /* DetailMealPickerCell.swift */; };
		5B8CAEE9249BA7E500C18B85 /* DetailResaleCell.swift in Sources */ = {isa = PBXBuildFile; fileRef = 5B8CAEE8249BA7E500C18B85 /* DetailResaleCell.swift */; };
		5B8CAEEB249BAA2200C18B85 /* ResaleHandler.swift in Sources */ = {isa = PBXBuildFile; fileRef = 5B8CAEEA249BAA2200C18B85 /* ResaleHandler.swift */; };
		5B8CAEEF249BFC8900C18B85 /* Array.swift in Sources */ = {isa = PBXBuildFile; fileRef = 5B8CAEEE249BFC8900C18B85 /* Array.swift */; };
		5B8CAEF1249BFCA800C18B85 /* Notification.swift in Sources */ = {isa = PBXBuildFile; fileRef = 5B8CAEF0249BFCA800C18B85 /* Notification.swift */; };
		5B8CAEF3249CB0E800C18B85 /* Sectionable.swift in Sources */ = {isa = PBXBuildFile; fileRef = 5B8CAEF2249CB0E800C18B85 /* Sectionable.swift */; };
		5BA40D352497E11700CBD251 /* ListDataSource.swift in Sources */ = {isa = PBXBuildFile; fileRef = 5BA40D342497E11700CBD251 /* ListDataSource.swift */; };
		5BA40D372497E58100CBD251 /* MealListDataSource.swift in Sources */ = {isa = PBXBuildFile; fileRef = 5BA40D362497E58100CBD251 /* MealListDataSource.swift */; };
		5BA40D392497E61700CBD251 /* EffectHandler.swift in Sources */ = {isa = PBXBuildFile; fileRef = 5BA40D382497E61700CBD251 /* EffectHandler.swift */; };
		5BA40D3D2498047100CBD251 /* ElixirListDataSource.swift in Sources */ = {isa = PBXBuildFile; fileRef = 5BA40D3C2498047100CBD251 /* ElixirListDataSource.swift */; };
		5BA40D452498123B00CBD251 /* MaterialListDataSource.swift in Sources */ = {isa = PBXBuildFile; fileRef = 5BA40D442498123B00CBD251 /* MaterialListDataSource.swift */; };
		5BA40D47249818F100CBD251 /* EffectListDataSource.swift in Sources */ = {isa = PBXBuildFile; fileRef = 5BA40D46249818F100CBD251 /* EffectListDataSource.swift */; };
		5BAAADAD249890E80037F685 /* DetailEffectCell.swift in Sources */ = {isa = PBXBuildFile; fileRef = 5BAAADAC249890E80037F685 /* DetailEffectCell.swift */; };
		5BAAADB7249925BD0037F685 /* FavoriteProtocol.swift in Sources */ = {isa = PBXBuildFile; fileRef = 5BAAADB6249925BD0037F685 /* FavoriteProtocol.swift */; };
		5BAEEADD1F068938002E307A /* MealData.swift in Sources */ = {isa = PBXBuildFile; fileRef = 5BAEEADC1F068937002E307A /* MealData.swift */; };
		5BAEEADF1F080351002E307A /* ElixirData.swift in Sources */ = {isa = PBXBuildFile; fileRef = 5BAEEADE1F080351002E307A /* ElixirData.swift */; };
		5BAEEAE11F080399002E307A /* FoodData.swift in Sources */ = {isa = PBXBuildFile; fileRef = 5BAEEAE01F080399002E307A /* FoodData.swift */; };
		5BAEEAE31F0803C3002E307A /* EffectData.swift in Sources */ = {isa = PBXBuildFile; fileRef = 5BAEEAE21F0803C3002E307A /* EffectData.swift */; };
		5BCCD51324BAE4CF00280BA2 /* DetailElixirPickerCell.swift in Sources */ = {isa = PBXBuildFile; fileRef = 5BCCD51224BAE4CF00280BA2 /* DetailElixirPickerCell.swift */; };
		5BCCD51524BAE4D700280BA2 /* DetailElixirPotencyCell.swift in Sources */ = {isa = PBXBuildFile; fileRef = 5BCCD51424BAE4D700280BA2 /* DetailElixirPotencyCell.swift */; };
		5BD890402494C5DA0068A36A /* UIColor.swift in Sources */ = {isa = PBXBuildFile; fileRef = 5BD8903F2494C5DA0068A36A /* UIColor.swift */; };
		5BD890422494C6450068A36A /* TabBarController.swift in Sources */ = {isa = PBXBuildFile; fileRef = 5BD890412494C6450068A36A /* TabBarController.swift */; };
		5BD890442494C75F0068A36A /* NavigationController.swift in Sources */ = {isa = PBXBuildFile; fileRef = 5BD890432494C75F0068A36A /* NavigationController.swift */; };
		5BD890462494C9A50068A36A /* ElementTableViewCell.swift in Sources */ = {isa = PBXBuildFile; fileRef = 5BD890452494C9A50068A36A /* ElementTableViewCell.swift */; };
		5BD890482494CCA30068A36A /* ListTableView.swift in Sources */ = {isa = PBXBuildFile; fileRef = 5BD890472494CCA30068A36A /* ListTableView.swift */; };
		5BD8904A2494F9670068A36A /* DetailViewController.swift in Sources */ = {isa = PBXBuildFile; fileRef = 5BD890492494F9670068A36A /* DetailViewController.swift */; };
		5BD8904C2494F9D80068A36A /* DetailTableView.swift in Sources */ = {isa = PBXBuildFile; fileRef = 5BD8904B2494F9D80068A36A /* DetailTableView.swift */; };
		5BD8904F2494FBCC0068A36A /* DetailTitleCell.swift in Sources */ = {isa = PBXBuildFile; fileRef = 5BD8904E2494FBCC0068A36A /* DetailTitleCell.swift */; };
		5BD890512495025B0068A36A /* DetailMealHeartCell.swift in Sources */ = {isa = PBXBuildFile; fileRef = 5BD890502495025B0068A36A /* DetailMealHeartCell.swift */; };
		A914A24E1E82F7130023C3B9 /* Critter.swift in Sources */ = {isa = PBXBuildFile; fileRef = A914A24D1E82F7130023C3B9 /* Critter.swift */; };
		A9614D6C1E77F8F0009CA034 /* AppDelegate.swift in Sources */ = {isa = PBXBuildFile; fileRef = A9614D6B1E77F8F0009CA034 /* AppDelegate.swift */; };
		A9614D751E77F8F0009CA034 /* Assets.xcassets in Resources */ = {isa = PBXBuildFile; fileRef = A9614D741E77F8F0009CA034 /* Assets.xcassets */; };
		A9614D781E77F8F0009CA034 /* LaunchScreen.storyboard in Resources */ = {isa = PBXBuildFile; fileRef = A9614D761E77F8F0009CA034 /* LaunchScreen.storyboard */; };
		A9614D821E77FA0D009CA034 /* Meal.swift in Sources */ = {isa = PBXBuildFile; fileRef = A9614D811E77FA0D009CA034 /* Meal.swift */; };
		A9614D841E77FACA009CA034 /* MaterialData.swift in Sources */ = {isa = PBXBuildFile; fileRef = A9614D831E77FACA009CA034 /* MaterialData.swift */; };
		A9614D8D1E795104009CA034 /* Elixir.swift in Sources */ = {isa = PBXBuildFile; fileRef = A9614D8C1E795104009CA034 /* Elixir.swift */; };
		A96FD1381E7BE8D900CE60D6 /* Food.swift in Sources */ = {isa = PBXBuildFile; fileRef = A96FD1371E7BE8D900CE60D6 /* Food.swift */; };
		A9C3387E1E853A52003A574F /* Material.swift in Sources */ = {isa = PBXBuildFile; fileRef = A9C3387D1E853A51003A574F /* Material.swift */; };
		A9C784D11E80819000551990 /* Effect.swift in Sources */ = {isa = PBXBuildFile; fileRef = A9C784D01E80819000551990 /* Effect.swift */; };
/* End PBXBuildFile section */

/* Begin PBXFileReference section */
		5B17A92624A2A45B00983643 /* DetailCellStyle.swift */ = {isa = PBXFileReference; lastKnownFileType = sourcecode.swift; path = DetailCellStyle.swift; sourceTree = "<group>"; };
		5B22656A24952B5C00459517 /* Listable.swift */ = {isa = PBXFileReference; lastKnownFileType = sourcecode.swift; path = Listable.swift; sourceTree = "<group>"; };
		5B22656C2497CFB000459517 /* FavoriteListDataSource.swift */ = {isa = PBXFileReference; lastKnownFileType = sourcecode.swift; path = FavoriteListDataSource.swift; sourceTree = "<group>"; };
		5B2FF1D924AC580A00DFD5FC /* DetailMaterialHeartCell.swift */ = {isa = PBXFileReference; lastKnownFileType = sourcecode.swift; path = DetailMaterialHeartCell.swift; sourceTree = "<group>"; };
		5B2FF1DB24AD352400DFD5FC /* Hearts.swift */ = {isa = PBXFileReference; lastKnownFileType = sourcecode.swift; path = Hearts.swift; sourceTree = "<group>"; };
		5B40173E249D141D00E64294 /* DetailMaterialLocationCell.swift */ = {isa = PBXFileReference; lastKnownFileType = sourcecode.swift; path = DetailMaterialLocationCell.swift; sourceTree = "<group>"; };
		5B401740249D16A100E64294 /* Potency.swift */ = {isa = PBXFileReference; lastKnownFileType = sourcecode.swift; path = Potency.swift; sourceTree = "<group>"; };
		5B401744249F9FD400E64294 /* DetailPickerView.swift */ = {isa = PBXFileReference; lastKnownFileType = sourcecode.swift; path = DetailPickerView.swift; sourceTree = "<group>"; };
		5B40174824A0A32900E64294 /* TimeInterval.swift */ = {isa = PBXFileReference; lastKnownFileType = sourcecode.swift; path = TimeInterval.swift; sourceTree = "<group>"; };
		5B40174C24A0E3D300E64294 /* DetailMaterialPotencyCell.swift */ = {isa = PBXFileReference; fileEncoding = 4; lastKnownFileType = sourcecode.swift; path = DetailMaterialPotencyCell.swift; sourceTree = "<group>"; };
		5B40174D24A0E3D300E64294 /* DetailDishesCell.swift */ = {isa = PBXFileReference; fileEncoding = 4; lastKnownFileType = sourcecode.swift; path = DetailDishesCell.swift; sourceTree = "<group>"; };
		5B4E149A24A2A13F00FE95C5 /* Guidable.swift */ = {isa = PBXFileReference; lastKnownFileType = sourcecode.swift; path = Guidable.swift; sourceTree = "<group>"; };
		5B4E149C24A2A16700FE95C5 /* Itemize.swift */ = {isa = PBXFileReference; fileEncoding = 4; lastKnownFileType = sourcecode.swift; path = Itemize.swift; sourceTree = "<group>"; };
		5B4E14A224A2A1B800FE95C5 /* UIImageView.swift */ = {isa = PBXFileReference; fileEncoding = 4; lastKnownFileType = sourcecode.swift; path = UIImageView.swift; sourceTree = "<group>"; };
		5B592DE924BAF71A00C2F8AF /* AboutView.swift */ = {isa = PBXFileReference; lastKnownFileType = sourcecode.swift; path = AboutView.swift; sourceTree = "<group>"; };
		5B592DEB24BAF79400C2F8AF /* AboutStore.swift */ = {isa = PBXFileReference; lastKnownFileType = sourcecode.swift; path = AboutStore.swift; sourceTree = "<group>"; };
		5B5AE3D91E9E3E16008F5313 /* ListViewController.swift */ = {isa = PBXFileReference; fileEncoding = 4; lastKnownFileType = sourcecode.swift; path = ListViewController.swift; sourceTree = "<group>"; };
		5B67AD8424C0BD8800D314E6 /* NotificationHandler.swift */ = {isa = PBXFileReference; fileEncoding = 4; lastKnownFileType = sourcecode.swift; path = NotificationHandler.swift; sourceTree = "<group>"; };
		5B67AD8624C0BDD000D314E6 /* UIBarButtonItem.swift */ = {isa = PBXFileReference; lastKnownFileType = sourcecode.swift; path = UIBarButtonItem.swift; sourceTree = SOURCE_ROOT; };
		5B67AD8824C0C65D00D314E6 /* SegmentedControl.swift */ = {isa = PBXFileReference; lastKnownFileType = sourcecode.swift; path = SegmentedControl.swift; sourceTree = "<group>"; };
		5B67AD8A24C0C6B000D314E6 /* UITableView.swift */ = {isa = PBXFileReference; lastKnownFileType = sourcecode.swift; path = UITableView.swift; sourceTree = "<group>"; };
		5B7C5D6E24C4542500AAAFE3 /* SearchController.swift */ = {isa = PBXFileReference; lastKnownFileType = sourcecode.swift; path = SearchController.swift; sourceTree = SOURCE_ROOT; };
		5B8CAEE224992EB200C18B85 /* DetailMealMainIngredientCell.swift */ = {isa = PBXFileReference; lastKnownFileType = sourcecode.swift; path = DetailMealMainIngredientCell.swift; sourceTree = "<group>"; };
		5B8CAEE42499360200C18B85 /* DetailMealPickerCell.swift */ = {isa = PBXFileReference; lastKnownFileType = sourcecode.swift; path = DetailMealPickerCell.swift; sourceTree = "<group>"; };
		5B8CAEE8249BA7E500C18B85 /* DetailResaleCell.swift */ = {isa = PBXFileReference; lastKnownFileType = sourcecode.swift; path = DetailResaleCell.swift; sourceTree = "<group>"; };
		5B8CAEEA249BAA2200C18B85 /* ResaleHandler.swift */ = {isa = PBXFileReference; lastKnownFileType = sourcecode.swift; path = ResaleHandler.swift; sourceTree = "<group>"; };
		5B8CAEEE249BFC8900C18B85 /* Array.swift */ = {isa = PBXFileReference; lastKnownFileType = sourcecode.swift; path = Array.swift; sourceTree = "<group>"; };
		5B8CAEF0249BFCA800C18B85 /* Notification.swift */ = {isa = PBXFileReference; lastKnownFileType = sourcecode.swift; name = Notification.swift; path = "Recipe Slate/Extensions/Notification.swift"; sourceTree = SOURCE_ROOT; };
		5B8CAEF2249CB0E800C18B85 /* Sectionable.swift */ = {isa = PBXFileReference; lastKnownFileType = sourcecode.swift; name = Sectionable.swift; path = "Recipe Slate/Types/Sectionable.swift"; sourceTree = SOURCE_ROOT; };
		5BA40D342497E11700CBD251 /* ListDataSource.swift */ = {isa = PBXFileReference; lastKnownFileType = sourcecode.swift; path = ListDataSource.swift; sourceTree = "<group>"; };
		5BA40D362497E58100CBD251 /* MealListDataSource.swift */ = {isa = PBXFileReference; lastKnownFileType = sourcecode.swift; path = MealListDataSource.swift; sourceTree = "<group>"; };
		5BA40D382497E61700CBD251 /* EffectHandler.swift */ = {isa = PBXFileReference; lastKnownFileType = sourcecode.swift; path = EffectHandler.swift; sourceTree = "<group>"; };
		5BA40D3C2498047100CBD251 /* ElixirListDataSource.swift */ = {isa = PBXFileReference; lastKnownFileType = sourcecode.swift; path = ElixirListDataSource.swift; sourceTree = "<group>"; };
		5BA40D442498123B00CBD251 /* MaterialListDataSource.swift */ = {isa = PBXFileReference; lastKnownFileType = sourcecode.swift; path = MaterialListDataSource.swift; sourceTree = "<group>"; };
		5BA40D46249818F100CBD251 /* EffectListDataSource.swift */ = {isa = PBXFileReference; lastKnownFileType = sourcecode.swift; path = EffectListDataSource.swift; sourceTree = "<group>"; };
		5BAAADAC249890E80037F685 /* DetailEffectCell.swift */ = {isa = PBXFileReference; lastKnownFileType = sourcecode.swift; path = DetailEffectCell.swift; sourceTree = "<group>"; };
		5BAAADB6249925BD0037F685 /* FavoriteProtocol.swift */ = {isa = PBXFileReference; lastKnownFileType = sourcecode.swift; path = FavoriteProtocol.swift; sourceTree = "<group>"; };
		5BAEEADC1F068937002E307A /* MealData.swift */ = {isa = PBXFileReference; fileEncoding = 4; lastKnownFileType = sourcecode.swift; path = MealData.swift; sourceTree = "<group>"; };
		5BAEEADE1F080351002E307A /* ElixirData.swift */ = {isa = PBXFileReference; fileEncoding = 4; lastKnownFileType = sourcecode.swift; path = ElixirData.swift; sourceTree = "<group>"; };
		5BAEEAE01F080399002E307A /* FoodData.swift */ = {isa = PBXFileReference; fileEncoding = 4; lastKnownFileType = sourcecode.swift; path = FoodData.swift; sourceTree = "<group>"; };
		5BAEEAE21F0803C3002E307A /* EffectData.swift */ = {isa = PBXFileReference; fileEncoding = 4; lastKnownFileType = sourcecode.swift; path = EffectData.swift; sourceTree = "<group>"; };
		5BCCD51224BAE4CF00280BA2 /* DetailElixirPickerCell.swift */ = {isa = PBXFileReference; fileEncoding = 4; lastKnownFileType = sourcecode.swift; path = DetailElixirPickerCell.swift; sourceTree = "<group>"; };
		5BCCD51424BAE4D700280BA2 /* DetailElixirPotencyCell.swift */ = {isa = PBXFileReference; fileEncoding = 4; lastKnownFileType = sourcecode.swift; path = DetailElixirPotencyCell.swift; sourceTree = "<group>"; };
		5BD8903F2494C5DA0068A36A /* UIColor.swift */ = {isa = PBXFileReference; lastKnownFileType = sourcecode.swift; path = UIColor.swift; sourceTree = "<group>"; };
		5BD890412494C6450068A36A /* TabBarController.swift */ = {isa = PBXFileReference; lastKnownFileType = sourcecode.swift; path = TabBarController.swift; sourceTree = "<group>"; };
		5BD890432494C75F0068A36A /* NavigationController.swift */ = {isa = PBXFileReference; lastKnownFileType = sourcecode.swift; path = NavigationController.swift; sourceTree = "<group>"; };
		5BD890452494C9A50068A36A /* ElementTableViewCell.swift */ = {isa = PBXFileReference; lastKnownFileType = sourcecode.swift; path = ElementTableViewCell.swift; sourceTree = "<group>"; };
		5BD890472494CCA30068A36A /* ListTableView.swift */ = {isa = PBXFileReference; lastKnownFileType = sourcecode.swift; path = ListTableView.swift; sourceTree = "<group>"; };
		5BD890492494F9670068A36A /* DetailViewController.swift */ = {isa = PBXFileReference; lastKnownFileType = sourcecode.swift; path = DetailViewController.swift; sourceTree = "<group>"; };
		5BD8904B2494F9D80068A36A /* DetailTableView.swift */ = {isa = PBXFileReference; lastKnownFileType = sourcecode.swift; path = DetailTableView.swift; sourceTree = "<group>"; };
		5BD8904E2494FBCC0068A36A /* DetailTitleCell.swift */ = {isa = PBXFileReference; lastKnownFileType = sourcecode.swift; path = DetailTitleCell.swift; sourceTree = "<group>"; };
		5BD890502495025B0068A36A /* DetailMealHeartCell.swift */ = {isa = PBXFileReference; lastKnownFileType = sourcecode.swift; path = DetailMealHeartCell.swift; sourceTree = "<group>"; };
		A914A24D1E82F7130023C3B9 /* Critter.swift */ = {isa = PBXFileReference; fileEncoding = 4; lastKnownFileType = sourcecode.swift; path = Critter.swift; sourceTree = "<group>"; };
		A9614D681E77F8F0009CA034 /* Recipe Slate.app */ = {isa = PBXFileReference; explicitFileType = wrapper.application; includeInIndex = 0; path = "Recipe Slate.app"; sourceTree = BUILT_PRODUCTS_DIR; };
		A9614D6B1E77F8F0009CA034 /* AppDelegate.swift */ = {isa = PBXFileReference; lastKnownFileType = sourcecode.swift; path = AppDelegate.swift; sourceTree = "<group>"; };
		A9614D741E77F8F0009CA034 /* Assets.xcassets */ = {isa = PBXFileReference; lastKnownFileType = folder.assetcatalog; path = Assets.xcassets; sourceTree = "<group>"; };
		A9614D771E77F8F0009CA034 /* Base */ = {isa = PBXFileReference; lastKnownFileType = file.storyboard; name = Base; path = Base.lproj/LaunchScreen.storyboard; sourceTree = "<group>"; };
		A9614D791E77F8F0009CA034 /* Info.plist */ = {isa = PBXFileReference; lastKnownFileType = text.plist.xml; path = Info.plist; sourceTree = "<group>"; };
		A9614D811E77FA0D009CA034 /* Meal.swift */ = {isa = PBXFileReference; fileEncoding = 4; lastKnownFileType = sourcecode.swift; path = Meal.swift; sourceTree = "<group>"; };
		A9614D831E77FACA009CA034 /* MaterialData.swift */ = {isa = PBXFileReference; fileEncoding = 4; lastKnownFileType = sourcecode.swift; path = MaterialData.swift; sourceTree = "<group>"; };
		A9614D8C1E795104009CA034 /* Elixir.swift */ = {isa = PBXFileReference; fileEncoding = 4; lastKnownFileType = sourcecode.swift; path = Elixir.swift; sourceTree = "<group>"; };
		A96FD1371E7BE8D900CE60D6 /* Food.swift */ = {isa = PBXFileReference; fileEncoding = 4; lastKnownFileType = sourcecode.swift; path = Food.swift; sourceTree = "<group>"; };
		A9C3387D1E853A51003A574F /* Material.swift */ = {isa = PBXFileReference; fileEncoding = 4; lastKnownFileType = sourcecode.swift; path = Material.swift; sourceTree = "<group>"; };
		A9C784D01E80819000551990 /* Effect.swift */ = {isa = PBXFileReference; fileEncoding = 4; lastKnownFileType = sourcecode.swift; path = Effect.swift; sourceTree = "<group>"; };
/* End PBXFileReference section */

/* Begin PBXFrameworksBuildPhase section */
		A9614D651E77F8F0009CA034 /* Frameworks */ = {
			isa = PBXFrameworksBuildPhase;
			buildActionMask = 2147483647;
			files = (
			);
			runOnlyForDeploymentPostprocessing = 0;
		};
/* End PBXFrameworksBuildPhase section */

/* Begin PBXGroup section */
		5B17A92524A2A44800983643 /* Protocol */ = {
			isa = PBXGroup;
			children = (
				5B17A92624A2A45B00983643 /* DetailCellStyle.swift */,
			);
			path = Protocol;
			sourceTree = "<group>";
		};
		5B8885CA1F010A5600BBEEDF /* Data */ = {
			isa = PBXGroup;
			children = (
				5BAEEAE21F0803C3002E307A /* EffectData.swift */,
				5BAEEADE1F080351002E307A /* ElixirData.swift */,
				5BAEEAE01F080399002E307A /* FoodData.swift */,
				A9614D831E77FACA009CA034 /* MaterialData.swift */,
				5BAEEADC1F068937002E307A /* MealData.swift */,
			);
			path = Data;
			sourceTree = "<group>";
		};
		5BA40D3E2498116F00CBD251 /* DataSource */ = {
			isa = PBXGroup;
			children = (
				5BA40D342497E11700CBD251 /* ListDataSource.swift */,
				5B22656C2497CFB000459517 /* FavoriteListDataSource.swift */,
				5BA40D362497E58100CBD251 /* MealListDataSource.swift */,
				5BA40D3C2498047100CBD251 /* ElixirListDataSource.swift */,
				5BA40D442498123B00CBD251 /* MaterialListDataSource.swift */,
				5BA40D46249818F100CBD251 /* EffectListDataSource.swift */,
			);
			path = DataSource;
			sourceTree = "<group>";
		};
		5BA40D3F2498119200CBD251 /* ViewController */ = {
			isa = PBXGroup;
			children = (
				5BD890492494F9670068A36A /* DetailViewController.swift */,
			);
			path = ViewController;
			sourceTree = "<group>";
		};
		5BA40D40249811A500CBD251 /* Handler */ = {
			isa = PBXGroup;
			children = (
				5B67AD8424C0BD8800D314E6 /* NotificationHandler.swift */,
				5BA40D382497E61700CBD251 /* EffectHandler.swift */,
				5B8CAEEA249BAA2200C18B85 /* ResaleHandler.swift */,
			);
			path = Handler;
			sourceTree = "<group>";
		};
		5BA40D41249811B300CBD251 /* Views */ = {
			isa = PBXGroup;
			children = (
				5BD8904B2494F9D80068A36A /* DetailTableView.swift */,
				5BCCD51124BAE4AE00280BA2 /* Cells */,
				5B401744249F9FD400E64294 /* DetailPickerView.swift */,
			);
			path = Views;
			sourceTree = "<group>";
		};
		5BA40D43249811FF00CBD251 /* Extensions */ = {
			isa = PBXGroup;
			children = (
				5B67AD8624C0BDD000D314E6 /* UIBarButtonItem.swift */,
				5B4E14A224A2A1B800FE95C5 /* UIImageView.swift */,
				5B40174824A0A32900E64294 /* TimeInterval.swift */,
				5B8CAEF0249BFCA800C18B85 /* Notification.swift */,
				5B8CAEEE249BFC8900C18B85 /* Array.swift */,
				5BD8903F2494C5DA0068A36A /* UIColor.swift */,
				5B67AD8A24C0C6B000D314E6 /* UITableView.swift */,
			);
			path = Extensions;
			sourceTree = "<group>";
		};
		5BAAADAE249922CC0037F685 /* List */ = {
			isa = PBXGroup;
			children = (
				5BA40D3E2498116F00CBD251 /* DataSource */,
				5BAAADAF249923150037F685 /* ViewController */,
				5BAAADB0249923240037F685 /* View */,
			);
			path = List;
			sourceTree = "<group>";
		};
		5BAAADAF249923150037F685 /* ViewController */ = {
			isa = PBXGroup;
			children = (
				5BD890412494C6450068A36A /* TabBarController.swift */,
				5B5AE3D91E9E3E16008F5313 /* ListViewController.swift */,
			);
			path = ViewController;
			sourceTree = "<group>";
		};
		5BAAADB0249923240037F685 /* View */ = {
			isa = PBXGroup;
			children = (
				5B7C5D6E24C4542500AAAFE3 /* SearchController.swift */,
				5BD890432494C75F0068A36A /* NavigationController.swift */,
				5B67AD8824C0C65D00D314E6 /* SegmentedControl.swift */,
				5BD890472494CCA30068A36A /* ListTableView.swift */,
				5BD890452494C9A50068A36A /* ElementTableViewCell.swift */,
			);
			path = View;
			sourceTree = "<group>";
		};
		5BAAADB4249924930037F685 /* General */ = {
			isa = PBXGroup;
			children = (
				A9614D6B1E77F8F0009CA034 /* AppDelegate.swift */,
				5B592DEB24BAF79400C2F8AF /* AboutStore.swift */,
				5B592DE924BAF71A00C2F8AF /* AboutView.swift */,
				5BAAADB5249924A00037F685 /* Protocol */,
			);
			path = General;
			sourceTree = "<group>";
		};
		5BAAADB5249924A00037F685 /* Protocol */ = {
			isa = PBXGroup;
			children = (
				5B4E149C24A2A16700FE95C5 /* Itemize.swift */,
				5B4E149A24A2A13F00FE95C5 /* Guidable.swift */,
				5B22656A24952B5C00459517 /* Listable.swift */,
				5B8CAEF2249CB0E800C18B85 /* Sectionable.swift */,
				5BAAADB6249925BD0037F685 /* FavoriteProtocol.swift */,
			);
			path = Protocol;
			sourceTree = "<group>";
		};
		5BCCD51124BAE4AE00280BA2 /* Cells */ = {
			isa = PBXGroup;
			children = (
				5BD8904E2494FBCC0068A36A /* DetailTitleCell.swift */,
				5BAAADAC249890E80037F685 /* DetailEffectCell.swift */,
				5B8CAEE8249BA7E500C18B85 /* DetailResaleCell.swift */,
				5B40174D24A0E3D300E64294 /* DetailDishesCell.swift */,
				5BD890502495025B0068A36A /* DetailMealHeartCell.swift */,
				5B8CAEE224992EB200C18B85 /* DetailMealMainIngredientCell.swift */,
				5B8CAEE42499360200C18B85 /* DetailMealPickerCell.swift */,
				5BCCD51424BAE4D700280BA2 /* DetailElixirPotencyCell.swift */,
				5BCCD51224BAE4CF00280BA2 /* DetailElixirPickerCell.swift */,
				5B2FF1D924AC580A00DFD5FC /* DetailMaterialHeartCell.swift */,
				5B40174C24A0E3D300E64294 /* DetailMaterialPotencyCell.swift */,
				5B40173E249D141D00E64294 /* DetailMaterialLocationCell.swift */,
			);
			path = Cells;
			sourceTree = "<group>";
		};
		5BD8904D2494F9E10068A36A /* Detail */ = {
			isa = PBXGroup;
			children = (
				5B17A92524A2A44800983643 /* Protocol */,
				5BA40D3F2498119200CBD251 /* ViewController */,
				5BA40D41249811B300CBD251 /* Views */,
			);
			path = Detail;
			sourceTree = "<group>";
		};
		5BD89054249518050068A36A /* Types */ = {
			isa = PBXGroup;
			children = (
				A914A24D1E82F7130023C3B9 /* Critter.swift */,
				A9614D8C1E795104009CA034 /* Elixir.swift */,
				A9C784D01E80819000551990 /* Effect.swift */,
				A96FD1371E7BE8D900CE60D6 /* Food.swift */,
				A9C3387D1E853A51003A574F /* Material.swift */,
				A9614D811E77FA0D009CA034 /* Meal.swift */,
				5B2FF1DB24AD352400DFD5FC /* Hearts.swift */,
				5B401740249D16A100E64294 /* Potency.swift */,
			);
			path = Types;
			sourceTree = "<group>";
		};
		A9614D5F1E77F8F0009CA034 = {
			isa = PBXGroup;
			children = (
				A9614D691E77F8F0009CA034 /* Products */,
				A9614D6A1E77F8F0009CA034 /* Recipe Slate */,
			);
			sourceTree = "<group>";
		};
		A9614D691E77F8F0009CA034 /* Products */ = {
			isa = PBXGroup;
			children = (
				A9614D681E77F8F0009CA034 /* Recipe Slate.app */,
			);
			name = Products;
			sourceTree = "<group>";
		};
		A9614D6A1E77F8F0009CA034 /* Recipe Slate */ = {
			isa = PBXGroup;
			children = (
				5BAAADB4249924930037F685 /* General */,
				5BAAADAE249922CC0037F685 /* List */,
				5BD8904D2494F9E10068A36A /* Detail */,
				5BD89054249518050068A36A /* Types */,
				5BA40D40249811A500CBD251 /* Handler */,
				5B8885CA1F010A5600BBEEDF /* Data */,
				5BA40D43249811FF00CBD251 /* Extensions */,
				A9614D741E77F8F0009CA034 /* Assets.xcassets */,
				A9614D791E77F8F0009CA034 /* Info.plist */,
				A9614D761E77F8F0009CA034 /* LaunchScreen.storyboard */,
			);
			path = "Recipe Slate";
			sourceTree = "<group>";
		};
/* End PBXGroup section */

/* Begin PBXNativeTarget section */
		A9614D671E77F8F0009CA034 /* Recipe Slate */ = {
			isa = PBXNativeTarget;
			buildConfigurationList = A9614D7C1E77F8F0009CA034 /* Build configuration list for PBXNativeTarget "Recipe Slate" */;
			buildPhases = (
				A9614D641E77F8F0009CA034 /* Sources */,
				A9614D651E77F8F0009CA034 /* Frameworks */,
				A9614D661E77F8F0009CA034 /* Resources */,
			);
			buildRules = (
			);
			dependencies = (
			);
			name = "Recipe Slate";
			productName = "Link's Recipe";
			productReference = A9614D681E77F8F0009CA034 /* Recipe Slate.app */;
			productType = "com.apple.product-type.application";
		};
/* End PBXNativeTarget section */

/* Begin PBXProject section */
		A9614D601E77F8F0009CA034 /* Project object */ = {
			isa = PBXProject;
			attributes = {
				LastSwiftUpdateCheck = 0820;
				LastUpgradeCheck = 1200;
				ORGANIZATIONNAME = "Martin List";
				TargetAttributes = {
					A9614D671E77F8F0009CA034 = {
						CreatedOnToolsVersion = 8.2.1;
						DevelopmentTeam = 4853CED358;
						LastSwiftMigration = 1120;
						ProvisioningStyle = Automatic;
					};
				};
			};
			buildConfigurationList = A9614D631E77F8F0009CA034 /* Build configuration list for PBXProject "Recipe Slate" */;
			compatibilityVersion = "Xcode 11.4";
			developmentRegion = en;
			hasScannedForEncodings = 0;
			knownRegions = (
				en,
				Base,
			);
			mainGroup = A9614D5F1E77F8F0009CA034;
			productRefGroup = A9614D691E77F8F0009CA034 /* Products */;
			projectDirPath = "";
			projectRoot = "";
			targets = (
				A9614D671E77F8F0009CA034 /* Recipe Slate */,
			);
		};
/* End PBXProject section */

/* Begin PBXResourcesBuildPhase section */
		A9614D661E77F8F0009CA034 /* Resources */ = {
			isa = PBXResourcesBuildPhase;
			buildActionMask = 2147483647;
			files = (
				A9614D781E77F8F0009CA034 /* LaunchScreen.storyboard in Resources */,
				A9614D751E77F8F0009CA034 /* Assets.xcassets in Resources */,
			);
			runOnlyForDeploymentPostprocessing = 0;
		};
/* End PBXResourcesBuildPhase section */

/* Begin PBXSourcesBuildPhase section */
		A9614D641E77F8F0009CA034 /* Sources */ = {
			isa = PBXSourcesBuildPhase;
			buildActionMask = 2147483647;
			files = (
				A9614D6C1E77F8F0009CA034 /* AppDelegate.swift in Sources */,
				5BD890482494CCA30068A36A /* ListTableView.swift in Sources */,
				5B4E149D24A2A16700FE95C5 /* Itemize.swift in Sources */,
				A9614D821E77FA0D009CA034 /* Meal.swift in Sources */,
				5B8CAEE9249BA7E500C18B85 /* DetailResaleCell.swift in Sources */,
				5B22656B24952B5C00459517 /* Listable.swift in Sources */,
				5BD890422494C6450068A36A /* TabBarController.swift in Sources */,
				5B401745249F9FD400E64294 /* DetailPickerView.swift in Sources */,
				5B592DEA24BAF71A00C2F8AF /* AboutView.swift in Sources */,
				5BCCD51324BAE4CF00280BA2 /* DetailElixirPickerCell.swift in Sources */,
				5B67AD8724C0BDD000D314E6 /* UIBarButtonItem.swift in Sources */,
				5BD890462494C9A50068A36A /* ElementTableViewCell.swift in Sources */,
				5B8CAEEB249BAA2200C18B85 /* ResaleHandler.swift in Sources */,
				5BD8904C2494F9D80068A36A /* DetailTableView.swift in Sources */,
				5BAAADAD249890E80037F685 /* DetailEffectCell.swift in Sources */,
				5BD890442494C75F0068A36A /* NavigationController.swift in Sources */,
				A914A24E1E82F7130023C3B9 /* Critter.swift in Sources */,
				5B592DEC24BAF79400C2F8AF /* AboutStore.swift in Sources */,
				5B2FF1DA24AC580A00DFD5FC /* DetailMaterialHeartCell.swift in Sources */,
				5B40174E24A0E3D300E64294 /* DetailMaterialPotencyCell.swift in Sources */,
				5BCCD51524BAE4D700280BA2 /* DetailElixirPotencyCell.swift in Sources */,
				5B17A92724A2A45B00983643 /* DetailCellStyle.swift in Sources */,
				5BD890512495025B0068A36A /* DetailMealHeartCell.swift in Sources */,
				5BD890402494C5DA0068A36A /* UIColor.swift in Sources */,
				5B2FF1DC24AD352400DFD5FC /* Hearts.swift in Sources */,
				5B8CAEEF249BFC8900C18B85 /* Array.swift in Sources */,
				5BA40D47249818F100CBD251 /* EffectListDataSource.swift in Sources */,
				5B4E149B24A2A13F00FE95C5 /* Guidable.swift in Sources */,
				5BA40D372497E58100CBD251 /* MealListDataSource.swift in Sources */,
				5BA40D3D2498047100CBD251 /* ElixirListDataSource.swift in Sources */,
				5BD8904F2494FBCC0068A36A /* DetailTitleCell.swift in Sources */,
				5B7C5D6F24C4542500AAAFE3 /* SearchController.swift in Sources */,
				A9C784D11E80819000551990 /* Effect.swift in Sources */,
				5BA40D452498123B00CBD251 /* MaterialListDataSource.swift in Sources */,
				5B5AE3DA1E9E3E16008F5313 /* ListViewController.swift in Sources */,
				5B4E14A324A2A1B800FE95C5 /* UIImageView.swift in Sources */,
				5BD8904A2494F9670068A36A /* DetailViewController.swift in Sources */,
				5BAEEAE11F080399002E307A /* FoodData.swift in Sources */,
				5B67AD8B24C0C6B000D314E6 /* UITableView.swift in Sources */,
				A9614D8D1E795104009CA034 /* Elixir.swift in Sources */,
				5BAEEADF1F080351002E307A /* ElixirData.swift in Sources */,
				5BA40D352497E11700CBD251 /* ListDataSource.swift in Sources */,
				5B67AD8924C0C65D00D314E6 /* SegmentedControl.swift in Sources */,
				5BAEEAE31F0803C3002E307A /* EffectData.swift in Sources */,
				A9C3387E1E853A52003A574F /* Material.swift in Sources */,
				5B40173F249D141D00E64294 /* DetailMaterialLocationCell.swift in Sources */,
				5BA40D392497E61700CBD251 /* EffectHandler.swift in Sources */,
				5B8CAEF3249CB0E800C18B85 /* Sectionable.swift in Sources */,
				5B8CAEE52499360200C18B85 /* DetailMealPickerCell.swift in Sources */,
				5B40174924A0A32900E64294 /* TimeInterval.swift in Sources */,
				A96FD1381E7BE8D900CE60D6 /* Food.swift in Sources */,
				5BAAADB7249925BD0037F685 /* FavoriteProtocol.swift in Sources */,
				5B8CAEE324992EB200C18B85 /* DetailMealMainIngredientCell.swift in Sources */,
				5B40174F24A0E3D300E64294 /* DetailDishesCell.swift in Sources */,
				5B401741249D16A100E64294 /* Potency.swift in Sources */,
				5BAEEADD1F068938002E307A /* MealData.swift in Sources */,
				A9614D841E77FACA009CA034 /* MaterialData.swift in Sources */,
				5B22656D2497CFB000459517 /* FavoriteListDataSource.swift in Sources */,
				5B67AD8524C0BD8800D314E6 /* NotificationHandler.swift in Sources */,
				5B8CAEF1249BFCA800C18B85 /* Notification.swift in Sources */,
			);
			runOnlyForDeploymentPostprocessing = 0;
		};
/* End PBXSourcesBuildPhase section */

/* Begin PBXVariantGroup section */
		A9614D761E77F8F0009CA034 /* LaunchScreen.storyboard */ = {
			isa = PBXVariantGroup;
			children = (
				A9614D771E77F8F0009CA034 /* Base */,
			);
			name = LaunchScreen.storyboard;
			path = .;
			sourceTree = "<group>";
		};
/* End PBXVariantGroup section */

/* Begin XCBuildConfiguration section */
		A9614D7A1E77F8F0009CA034 /* Debug */ = {
			isa = XCBuildConfiguration;
			buildSettings = {
				ALWAYS_SEARCH_USER_PATHS = NO;
				CLANG_ANALYZER_LOCALIZABILITY_NONLOCALIZED = YES;
				CLANG_ANALYZER_NONNULL = YES;
				CLANG_CXX_LANGUAGE_STANDARD = "gnu++0x";
				CLANG_CXX_LIBRARY = "libc++";
				CLANG_ENABLE_MODULES = YES;
				CLANG_ENABLE_OBJC_ARC = YES;
				CLANG_WARN_BLOCK_CAPTURE_AUTORELEASING = YES;
				CLANG_WARN_BOOL_CONVERSION = YES;
				CLANG_WARN_COMMA = YES;
				CLANG_WARN_CONSTANT_CONVERSION = YES;
				CLANG_WARN_DEPRECATED_OBJC_IMPLEMENTATIONS = YES;
				CLANG_WARN_DIRECT_OBJC_ISA_USAGE = YES_ERROR;
				CLANG_WARN_DOCUMENTATION_COMMENTS = YES;
				CLANG_WARN_EMPTY_BODY = YES;
				CLANG_WARN_ENUM_CONVERSION = YES;
				CLANG_WARN_INFINITE_RECURSION = YES;
				CLANG_WARN_INT_CONVERSION = YES;
				CLANG_WARN_NON_LITERAL_NULL_CONVERSION = YES;
				CLANG_WARN_OBJC_IMPLICIT_RETAIN_SELF = YES;
				CLANG_WARN_OBJC_LITERAL_CONVERSION = YES;
				CLANG_WARN_OBJC_ROOT_CLASS = YES_ERROR;
				CLANG_WARN_QUOTED_INCLUDE_IN_FRAMEWORK_HEADER = YES;
				CLANG_WARN_RANGE_LOOP_ANALYSIS = YES;
				CLANG_WARN_STRICT_PROTOTYPES = YES;
				CLANG_WARN_SUSPICIOUS_MOVE = YES;
				CLANG_WARN_UNREACHABLE_CODE = YES;
				CLANG_WARN__DUPLICATE_METHOD_MATCH = YES;
				"CODE_SIGN_IDENTITY[sdk=iphoneos*]" = "iPhone Developer";
				COPY_PHASE_STRIP = NO;
				DEBUG_INFORMATION_FORMAT = dwarf;
				ENABLE_STRICT_OBJC_MSGSEND = YES;
				ENABLE_TESTABILITY = YES;
				GCC_C_LANGUAGE_STANDARD = gnu99;
				GCC_DYNAMIC_NO_PIC = NO;
				GCC_NO_COMMON_BLOCKS = YES;
				GCC_OPTIMIZATION_LEVEL = 0;
				GCC_PREPROCESSOR_DEFINITIONS = (
					"DEBUG=1",
					"$(inherited)",
				);
				GCC_WARN_64_TO_32_BIT_CONVERSION = YES;
				GCC_WARN_ABOUT_RETURN_TYPE = YES_ERROR;
				GCC_WARN_UNDECLARED_SELECTOR = YES;
				GCC_WARN_UNINITIALIZED_AUTOS = YES_AGGRESSIVE;
				GCC_WARN_UNUSED_FUNCTION = YES;
				GCC_WARN_UNUSED_VARIABLE = YES;
				IPHONEOS_DEPLOYMENT_TARGET = 13.0;
				MTL_ENABLE_DEBUG_INFO = YES;
				ONLY_ACTIVE_ARCH = YES;
				SDKROOT = iphoneos;
				SWIFT_ACTIVE_COMPILATION_CONDITIONS = DEBUG;
				SWIFT_OPTIMIZATION_LEVEL = "-Onone";
				SWIFT_VERSION = 4.2;
			};
			name = Debug;
		};
		A9614D7B1E77F8F0009CA034 /* Release */ = {
			isa = XCBuildConfiguration;
			buildSettings = {
				ALWAYS_SEARCH_USER_PATHS = NO;
				CLANG_ANALYZER_LOCALIZABILITY_NONLOCALIZED = YES;
				CLANG_ANALYZER_NONNULL = YES;
				CLANG_CXX_LANGUAGE_STANDARD = "gnu++0x";
				CLANG_CXX_LIBRARY = "libc++";
				CLANG_ENABLE_MODULES = YES;
				CLANG_ENABLE_OBJC_ARC = YES;
				CLANG_WARN_BLOCK_CAPTURE_AUTORELEASING = YES;
				CLANG_WARN_BOOL_CONVERSION = YES;
				CLANG_WARN_COMMA = YES;
				CLANG_WARN_CONSTANT_CONVERSION = YES;
				CLANG_WARN_DEPRECATED_OBJC_IMPLEMENTATIONS = YES;
				CLANG_WARN_DIRECT_OBJC_ISA_USAGE = YES_ERROR;
				CLANG_WARN_DOCUMENTATION_COMMENTS = YES;
				CLANG_WARN_EMPTY_BODY = YES;
				CLANG_WARN_ENUM_CONVERSION = YES;
				CLANG_WARN_INFINITE_RECURSION = YES;
				CLANG_WARN_INT_CONVERSION = YES;
				CLANG_WARN_NON_LITERAL_NULL_CONVERSION = YES;
				CLANG_WARN_OBJC_IMPLICIT_RETAIN_SELF = YES;
				CLANG_WARN_OBJC_LITERAL_CONVERSION = YES;
				CLANG_WARN_OBJC_ROOT_CLASS = YES_ERROR;
				CLANG_WARN_QUOTED_INCLUDE_IN_FRAMEWORK_HEADER = YES;
				CLANG_WARN_RANGE_LOOP_ANALYSIS = YES;
				CLANG_WARN_STRICT_PROTOTYPES = YES;
				CLANG_WARN_SUSPICIOUS_MOVE = YES;
				CLANG_WARN_UNREACHABLE_CODE = YES;
				CLANG_WARN__DUPLICATE_METHOD_MATCH = YES;
				"CODE_SIGN_IDENTITY[sdk=iphoneos*]" = "iPhone Developer";
				COPY_PHASE_STRIP = NO;
				DEBUG_INFORMATION_FORMAT = "dwarf-with-dsym";
				ENABLE_NS_ASSERTIONS = NO;
				ENABLE_STRICT_OBJC_MSGSEND = YES;
				GCC_C_LANGUAGE_STANDARD = gnu99;
				GCC_NO_COMMON_BLOCKS = YES;
				GCC_WARN_64_TO_32_BIT_CONVERSION = YES;
				GCC_WARN_ABOUT_RETURN_TYPE = YES_ERROR;
				GCC_WARN_UNDECLARED_SELECTOR = YES;
				GCC_WARN_UNINITIALIZED_AUTOS = YES_AGGRESSIVE;
				GCC_WARN_UNUSED_FUNCTION = YES;
				GCC_WARN_UNUSED_VARIABLE = YES;
				IPHONEOS_DEPLOYMENT_TARGET = 13.0;
				MTL_ENABLE_DEBUG_INFO = NO;
				SDKROOT = iphoneos;
				SWIFT_COMPILATION_MODE = wholemodule;
				SWIFT_OPTIMIZATION_LEVEL = "-O";
				SWIFT_VERSION = 4.2;
				VALIDATE_PRODUCT = YES;
			};
			name = Release;
		};
		A9614D7D1E77F8F0009CA034 /* Debug */ = {
			isa = XCBuildConfiguration;
			buildSettings = {
				ASSETCATALOG_COMPILER_APPICON_NAME = AppIcon;
				CURRENT_PROJECT_VERSION = 1;
				DEVELOPMENT_TEAM = 4853CED358;
				INFOPLIST_FILE = "Recipe Slate/Info.plist";
				IPHONEOS_DEPLOYMENT_TARGET = 13.0;
				LD_RUNPATH_SEARCH_PATHS = (
					"$(inherited)",
					"@executable_path/Frameworks",
				);
				MARKETING_VERSION = 2.0;
				PRODUCT_BUNDLE_IDENTIFIER = com.martinlist.recipeslate;
				PRODUCT_NAME = "$(TARGET_NAME)";
				SWIFT_SWIFT3_OBJC_INFERENCE = Off;
				SWIFT_VERSION = 5.0;
			};
			name = Debug;
		};
		A9614D7E1E77F8F0009CA034 /* Release */ = {
			isa = XCBuildConfiguration;
			buildSettings = {
				ASSETCATALOG_COMPILER_APPICON_NAME = AppIcon;
				CURRENT_PROJECT_VERSION = 1;
				DEVELOPMENT_TEAM = 4853CED358;
				INFOPLIST_FILE = "Recipe Slate/Info.plist";
				IPHONEOS_DEPLOYMENT_TARGET = 13.0;
				LD_RUNPATH_SEARCH_PATHS = (
					"$(inherited)",
					"@executable_path/Frameworks",
				);
				MARKETING_VERSION = 2.0;
				PRODUCT_BUNDLE_IDENTIFIER = com.martinlist.recipeslate;
				PRODUCT_NAME = "$(TARGET_NAME)";
				SWIFT_SWIFT3_OBJC_INFERENCE = Off;
				SWIFT_VERSION = 5.0;
			};
			name = Release;
		};
/* End XCBuildConfiguration section */

/* Begin XCConfigurationList section */
		A9614D631E77F8F0009CA034 /* Build configuration list for PBXProject "Recipe Slate" */ = {
			isa = XCConfigurationList;
			buildConfigurations = (
				A9614D7A1E77F8F0009CA034 /* Debug */,
				A9614D7B1E77F8F0009CA034 /* Release */,
			);
			defaultConfigurationIsVisible = 0;
			defaultConfigurationName = Release;
		};
		A9614D7C1E77F8F0009CA034 /* Build configuration list for PBXNativeTarget "Recipe Slate" */ = {
			isa = XCConfigurationList;
			buildConfigurations = (
				A9614D7D1E77F8F0009CA034 /* Debug */,
				A9614D7E1E77F8F0009CA034 /* Release */,
			);
			defaultConfigurationIsVisible = 0;
			defaultConfigurationName = Release;
		};
/* End XCConfigurationList section */
	};
	rootObject = A9614D601E77F8F0009CA034 /* Project object */;
}
