// !$*UTF8*$!
{
	archiveVersion = 1;
	classes = {
	};
	objectVersion = 46;
	objects = {

/* Begin PBXBuildFile section */
		5B2CC7E11E91979400E02C55 /* EffectViewController.swift in Sources */ = {isa = PBXBuildFile; fileRef = 5B2CC7E01E91979400E02C55 /* EffectViewController.swift */; };
		A914A24A1E82EA980023C3B9 /* ElixirViewController.swift in Sources */ = {isa = PBXBuildFile; fileRef = A914A2491E82EA980023C3B9 /* ElixirViewController.swift */; };
		A914A24C1E82EAB30023C3B9 /* ElixirDetailViewController.swift in Sources */ = {isa = PBXBuildFile; fileRef = A914A24B1E82EAB30023C3B9 /* ElixirDetailViewController.swift */; };
		A914A24E1E82F7130023C3B9 /* Critter.swift in Sources */ = {isa = PBXBuildFile; fileRef = A914A24D1E82F7130023C3B9 /* Critter.swift */; };
		A9614D6C1E77F8F0009CA034 /* AppDelegate.swift in Sources */ = {isa = PBXBuildFile; fileRef = A9614D6B1E77F8F0009CA034 /* AppDelegate.swift */; };
		A9614D731E77F8F0009CA034 /* Main.storyboard in Resources */ = {isa = PBXBuildFile; fileRef = A9614D711E77F8F0009CA034 /* Main.storyboard */; };
		A9614D751E77F8F0009CA034 /* Assets.xcassets in Resources */ = {isa = PBXBuildFile; fileRef = A9614D741E77F8F0009CA034 /* Assets.xcassets */; };
		A9614D781E77F8F0009CA034 /* LaunchScreen.storyboard in Resources */ = {isa = PBXBuildFile; fileRef = A9614D761E77F8F0009CA034 /* LaunchScreen.storyboard */; };
		A9614D801E77F978009CA034 /* MealViewController.swift in Sources */ = {isa = PBXBuildFile; fileRef = A9614D7F1E77F978009CA034 /* MealViewController.swift */; };
		A9614D821E77FA0D009CA034 /* Meal.swift in Sources */ = {isa = PBXBuildFile; fileRef = A9614D811E77FA0D009CA034 /* Meal.swift */; };
		A9614D841E77FACA009CA034 /* SampleDate.swift in Sources */ = {isa = PBXBuildFile; fileRef = A9614D831E77FACA009CA034 /* SampleDate.swift */; };
		A9614D881E77FF0C009CA034 /* Ingredients.swift in Sources */ = {isa = PBXBuildFile; fileRef = A9614D871E77FF0C009CA034 /* Ingredients.swift */; };
		A9614D8D1E795104009CA034 /* Elixir.swift in Sources */ = {isa = PBXBuildFile; fileRef = A9614D8C1E795104009CA034 /* Elixir.swift */; };
		A96FD1361E7BE8C700CE60D6 /* FoodViewController.swift in Sources */ = {isa = PBXBuildFile; fileRef = A96FD1351E7BE8C700CE60D6 /* FoodViewController.swift */; };
		A96FD1381E7BE8D900CE60D6 /* Food.swift in Sources */ = {isa = PBXBuildFile; fileRef = A96FD1371E7BE8D900CE60D6 /* Food.swift */; };
		A9C3387C1E8435E8003A574F /* MonsterPart.swift in Sources */ = {isa = PBXBuildFile; fileRef = A9C3387B1E8435E8003A574F /* MonsterPart.swift */; };
		A9C3387E1E853A52003A574F /* Material.swift in Sources */ = {isa = PBXBuildFile; fileRef = A9C3387D1E853A51003A574F /* Material.swift */; };
		A9C338801E8544B0003A574F /* MealDetailViewController.swift in Sources */ = {isa = PBXBuildFile; fileRef = A9C3387F1E8544B0003A574F /* MealDetailViewController.swift */; };
		A9C784D11E80819000551990 /* Effect.swift in Sources */ = {isa = PBXBuildFile; fileRef = A9C784D01E80819000551990 /* Effect.swift */; };
		A9D5795B1E86893800E7FFBC /* FoodDetailViewController.swift in Sources */ = {isa = PBXBuildFile; fileRef = A9D5795A1E86893700E7FFBC /* FoodDetailViewController.swift */; };
		A9D5795D1E868B6D00E7FFBC /* Category.swift in Sources */ = {isa = PBXBuildFile; fileRef = A9D5795C1E868B6D00E7FFBC /* Category.swift */; };
/* End PBXBuildFile section */

/* Begin PBXFileReference section */
		5B2CC7E01E91979400E02C55 /* EffectViewController.swift */ = {isa = PBXFileReference; fileEncoding = 4; lastKnownFileType = sourcecode.swift; path = EffectViewController.swift; sourceTree = "<group>"; };
		A914A2491E82EA980023C3B9 /* ElixirViewController.swift */ = {isa = PBXFileReference; fileEncoding = 4; lastKnownFileType = sourcecode.swift; path = ElixirViewController.swift; sourceTree = "<group>"; };
		A914A24B1E82EAB30023C3B9 /* ElixirDetailViewController.swift */ = {isa = PBXFileReference; fileEncoding = 4; lastKnownFileType = sourcecode.swift; path = ElixirDetailViewController.swift; sourceTree = "<group>"; };
		A914A24D1E82F7130023C3B9 /* Critter.swift */ = {isa = PBXFileReference; fileEncoding = 4; lastKnownFileType = sourcecode.swift; path = Critter.swift; sourceTree = "<group>"; };
		A9614D681E77F8F0009CA034 /* Recipe Slate.app */ = {isa = PBXFileReference; explicitFileType = wrapper.application; includeInIndex = 0; path = "Recipe Slate.app"; sourceTree = BUILT_PRODUCTS_DIR; };
		A9614D6B1E77F8F0009CA034 /* AppDelegate.swift */ = {isa = PBXFileReference; lastKnownFileType = sourcecode.swift; path = AppDelegate.swift; sourceTree = "<group>"; };
		A9614D721E77F8F0009CA034 /* Base */ = {isa = PBXFileReference; lastKnownFileType = file.storyboard; name = Base; path = Base.lproj/Main.storyboard; sourceTree = "<group>"; };
		A9614D741E77F8F0009CA034 /* Assets.xcassets */ = {isa = PBXFileReference; lastKnownFileType = folder.assetcatalog; path = Assets.xcassets; sourceTree = "<group>"; };
		A9614D771E77F8F0009CA034 /* Base */ = {isa = PBXFileReference; lastKnownFileType = file.storyboard; name = Base; path = Base.lproj/LaunchScreen.storyboard; sourceTree = "<group>"; };
		A9614D791E77F8F0009CA034 /* Info.plist */ = {isa = PBXFileReference; lastKnownFileType = text.plist.xml; path = Info.plist; sourceTree = "<group>"; };
		A9614D7F1E77F978009CA034 /* MealViewController.swift */ = {isa = PBXFileReference; fileEncoding = 4; lastKnownFileType = sourcecode.swift; path = MealViewController.swift; sourceTree = "<group>"; };
		A9614D811E77FA0D009CA034 /* Meal.swift */ = {isa = PBXFileReference; fileEncoding = 4; lastKnownFileType = sourcecode.swift; path = Meal.swift; sourceTree = "<group>"; };
		A9614D831E77FACA009CA034 /* SampleDate.swift */ = {isa = PBXFileReference; fileEncoding = 4; lastKnownFileType = sourcecode.swift; path = SampleDate.swift; sourceTree = "<group>"; };
		A9614D871E77FF0C009CA034 /* Ingredients.swift */ = {isa = PBXFileReference; fileEncoding = 4; lastKnownFileType = sourcecode.swift; path = Ingredients.swift; sourceTree = "<group>"; };
		A9614D8C1E795104009CA034 /* Elixir.swift */ = {isa = PBXFileReference; fileEncoding = 4; lastKnownFileType = sourcecode.swift; path = Elixir.swift; sourceTree = "<group>"; };
		A96FD1351E7BE8C700CE60D6 /* FoodViewController.swift */ = {isa = PBXFileReference; fileEncoding = 4; lastKnownFileType = sourcecode.swift; path = FoodViewController.swift; sourceTree = "<group>"; };
		A96FD1371E7BE8D900CE60D6 /* Food.swift */ = {isa = PBXFileReference; fileEncoding = 4; lastKnownFileType = sourcecode.swift; path = Food.swift; sourceTree = "<group>"; };
		A9C3387B1E8435E8003A574F /* MonsterPart.swift */ = {isa = PBXFileReference; fileEncoding = 4; lastKnownFileType = sourcecode.swift; path = MonsterPart.swift; sourceTree = "<group>"; };
		A9C3387D1E853A51003A574F /* Material.swift */ = {isa = PBXFileReference; fileEncoding = 4; lastKnownFileType = sourcecode.swift; path = Material.swift; sourceTree = "<group>"; };
		A9C3387F1E8544B0003A574F /* MealDetailViewController.swift */ = {isa = PBXFileReference; fileEncoding = 4; lastKnownFileType = sourcecode.swift; path = MealDetailViewController.swift; sourceTree = "<group>"; };
		A9C784D01E80819000551990 /* Effect.swift */ = {isa = PBXFileReference; fileEncoding = 4; lastKnownFileType = sourcecode.swift; path = Effect.swift; sourceTree = "<group>"; };
		A9D5795A1E86893700E7FFBC /* FoodDetailViewController.swift */ = {isa = PBXFileReference; fileEncoding = 4; lastKnownFileType = sourcecode.swift; path = FoodDetailViewController.swift; sourceTree = "<group>"; };
		A9D5795C1E868B6D00E7FFBC /* Category.swift */ = {isa = PBXFileReference; fileEncoding = 4; lastKnownFileType = sourcecode.swift; path = Category.swift; sourceTree = "<group>"; };
/* End PBXFileReference section */

/* Begin PBXFrameworksBuildPhase section */
		A9614D651E77F8F0009CA034 /* Frameworks */ = {
			isa = PBXFrameworksBuildPhase;
			buildActionMask = 2147483647;
			files = (
			);
			runOnlyForDeploymentPostprocessing = 0;
		};
/* End PBXFrameworksBuildPhase section */

/* Begin PBXGroup section */
		5B2CC7E21E9197EF00E02C55 /* Effect */ = {
			isa = PBXGroup;
			children = (
				A9C784D01E80819000551990 /* Effect.swift */,
				5B2CC7E01E91979400E02C55 /* EffectViewController.swift */,
			);
			name = Effect;
			sourceTree = "<group>";
		};
		A9614D5F1E77F8F0009CA034 = {
			isa = PBXGroup;
			children = (
				A9614D6A1E77F8F0009CA034 /* Link's Recipes */,
				A9614D691E77F8F0009CA034 /* Products */,
			);
			sourceTree = "<group>";
		};
		A9614D691E77F8F0009CA034 /* Products */ = {
			isa = PBXGroup;
			children = (
				A9614D681E77F8F0009CA034 /* Recipe Slate.app */,
			);
			name = Products;
			sourceTree = "<group>";
		};
		A9614D6A1E77F8F0009CA034 /* Link's Recipes */ = {
			isa = PBXGroup;
			children = (
				A9614D6B1E77F8F0009CA034 /* AppDelegate.swift */,
				A9614D711E77F8F0009CA034 /* Main.storyboard */,
				A96FD1391E7BE8DE00CE60D6 /* Food */,
				A9614D891E780E21009CA034 /* Meal */,
				A9C3387D1E853A51003A574F /* Material.swift */,
				A9D5795C1E868B6D00E7FFBC /* Category.swift */,
				5B2CC7E21E9197EF00E02C55 /* Effect */,
				A9614D901E7956AB009CA034 /* Elixir */,
				A9614D831E77FACA009CA034 /* SampleDate.swift */,
				A9614D741E77F8F0009CA034 /* Assets.xcassets */,
				A9614D761E77F8F0009CA034 /* LaunchScreen.storyboard */,
				A9614D791E77F8F0009CA034 /* Info.plist */,
			);
			name = "Link's Recipes";
			path = "Link's Recipe";
			sourceTree = "<group>";
		};
		A9614D891E780E21009CA034 /* Meal */ = {
			isa = PBXGroup;
			children = (
				A9C3387F1E8544B0003A574F /* MealDetailViewController.swift */,
				A9614D7F1E77F978009CA034 /* MealViewController.swift */,
				A9614D811E77FA0D009CA034 /* Meal.swift */,
			);
			name = Meal;
			sourceTree = "<group>";
		};
		A9614D901E7956AB009CA034 /* Elixir */ = {
			isa = PBXGroup;
			children = (
				A914A24D1E82F7130023C3B9 /* Critter.swift */,
				A9C3387B1E8435E8003A574F /* MonsterPart.swift */,
				A914A2491E82EA980023C3B9 /* ElixirViewController.swift */,
				A914A24B1E82EAB30023C3B9 /* ElixirDetailViewController.swift */,
				A9614D8C1E795104009CA034 /* Elixir.swift */,
			);
			name = Elixir;
			sourceTree = "<group>";
		};
		A96FD1391E7BE8DE00CE60D6 /* Food */ = {
			isa = PBXGroup;
			children = (
				A9D5795A1E86893700E7FFBC /* FoodDetailViewController.swift */,
				A96FD1351E7BE8C700CE60D6 /* FoodViewController.swift */,
				A96FD1371E7BE8D900CE60D6 /* Food.swift */,
				A9614D871E77FF0C009CA034 /* Ingredients.swift */,
			);
			name = Food;
			sourceTree = "<group>";
		};
/* End PBXGroup section */

/* Begin PBXNativeTarget section */
		A9614D671E77F8F0009CA034 /* Recipe Slate */ = {
			isa = PBXNativeTarget;
			buildConfigurationList = A9614D7C1E77F8F0009CA034 /* Build configuration list for PBXNativeTarget "Recipe Slate" */;
			buildPhases = (
				A9614D641E77F8F0009CA034 /* Sources */,
				A9614D651E77F8F0009CA034 /* Frameworks */,
				A9614D661E77F8F0009CA034 /* Resources */,
			);
			buildRules = (
			);
			dependencies = (
			);
			name = "Recipe Slate";
			productName = "Link's Recipe";
			productReference = A9614D681E77F8F0009CA034 /* Recipe Slate.app */;
			productType = "com.apple.product-type.application";
		};
/* End PBXNativeTarget section */

/* Begin PBXProject section */
		A9614D601E77F8F0009CA034 /* Project object */ = {
			isa = PBXProject;
			attributes = {
				LastSwiftUpdateCheck = 0820;
				LastUpgradeCheck = 0820;
				ORGANIZATIONNAME = "Martin List";
				TargetAttributes = {
					A9614D671E77F8F0009CA034 = {
						CreatedOnToolsVersion = 8.2.1;
						DevelopmentTeam = 4853CED358;
						ProvisioningStyle = Automatic;
					};
				};
			};
			buildConfigurationList = A9614D631E77F8F0009CA034 /* Build configuration list for PBXProject "Recipe Slate" */;
			compatibilityVersion = "Xcode 3.2";
			developmentRegion = English;
			hasScannedForEncodings = 0;
			knownRegions = (
				en,
				Base,
			);
			mainGroup = A9614D5F1E77F8F0009CA034;
			productRefGroup = A9614D691E77F8F0009CA034 /* Products */;
			projectDirPath = "";
			projectRoot = "";
			targets = (
				A9614D671E77F8F0009CA034 /* Recipe Slate */,
			);
		};
/* End PBXProject section */

/* Begin PBXResourcesBuildPhase section */
		A9614D661E77F8F0009CA034 /* Resources */ = {
			isa = PBXResourcesBuildPhase;
			buildActionMask = 2147483647;
			files = (
				A9614D781E77F8F0009CA034 /* LaunchScreen.storyboard in Resources */,
				A9614D751E77F8F0009CA034 /* Assets.xcassets in Resources */,
				A9614D731E77F8F0009CA034 /* Main.storyboard in Resources */,
			);
			runOnlyForDeploymentPostprocessing = 0;
		};
/* End PBXResourcesBuildPhase section */

/* Begin PBXSourcesBuildPhase section */
		A9614D641E77F8F0009CA034 /* Sources */ = {
			isa = PBXSourcesBuildPhase;
			buildActionMask = 2147483647;
			files = (
				A9614D6C1E77F8F0009CA034 /* AppDelegate.swift in Sources */,
				A9614D821E77FA0D009CA034 /* Meal.swift in Sources */,
				A914A24A1E82EA980023C3B9 /* ElixirViewController.swift in Sources */,
				A914A24E1E82F7130023C3B9 /* Critter.swift in Sources */,
				A9D5795B1E86893800E7FFBC /* FoodDetailViewController.swift in Sources */,
				5B2CC7E11E91979400E02C55 /* EffectViewController.swift in Sources */,
				A9614D801E77F978009CA034 /* MealViewController.swift in Sources */,
				A9C3387C1E8435E8003A574F /* MonsterPart.swift in Sources */,
				A96FD1361E7BE8C700CE60D6 /* FoodViewController.swift in Sources */,
				A9C784D11E80819000551990 /* Effect.swift in Sources */,
				A9614D8D1E795104009CA034 /* Elixir.swift in Sources */,
				A9C338801E8544B0003A574F /* MealDetailViewController.swift in Sources */,
				A9D5795D1E868B6D00E7FFBC /* Category.swift in Sources */,
				A9C3387E1E853A52003A574F /* Material.swift in Sources */,
				A914A24C1E82EAB30023C3B9 /* ElixirDetailViewController.swift in Sources */,
				A96FD1381E7BE8D900CE60D6 /* Food.swift in Sources */,
				A9614D881E77FF0C009CA034 /* Ingredients.swift in Sources */,
				A9614D841E77FACA009CA034 /* SampleDate.swift in Sources */,
			);
			runOnlyForDeploymentPostprocessing = 0;
		};
/* End PBXSourcesBuildPhase section */

/* Begin PBXVariantGroup section */
		A9614D711E77F8F0009CA034 /* Main.storyboard */ = {
			isa = PBXVariantGroup;
			children = (
				A9614D721E77F8F0009CA034 /* Base */,
			);
			name = Main.storyboard;
			sourceTree = "<group>";
		};
		A9614D761E77F8F0009CA034 /* LaunchScreen.storyboard */ = {
			isa = PBXVariantGroup;
			children = (
				A9614D771E77F8F0009CA034 /* Base */,
			);
			name = LaunchScreen.storyboard;
			sourceTree = "<group>";
		};
/* End PBXVariantGroup section */

/* Begin XCBuildConfiguration section */
		A9614D7A1E77F8F0009CA034 /* Debug */ = {
			isa = XCBuildConfiguration;
			buildSettings = {
				ALWAYS_SEARCH_USER_PATHS = NO;
				CLANG_ANALYZER_NONNULL = YES;
				CLANG_CXX_LANGUAGE_STANDARD = "gnu++0x";
				CLANG_CXX_LIBRARY = "libc++";
				CLANG_ENABLE_MODULES = YES;
				CLANG_ENABLE_OBJC_ARC = YES;
				CLANG_WARN_BOOL_CONVERSION = YES;
				CLANG_WARN_CONSTANT_CONVERSION = YES;
				CLANG_WARN_DIRECT_OBJC_ISA_USAGE = YES_ERROR;
				CLANG_WARN_DOCUMENTATION_COMMENTS = YES;
				CLANG_WARN_EMPTY_BODY = YES;
				CLANG_WARN_ENUM_CONVERSION = YES;
				CLANG_WARN_INFINITE_RECURSION = YES;
				CLANG_WARN_INT_CONVERSION = YES;
				CLANG_WARN_OBJC_ROOT_CLASS = YES_ERROR;
				CLANG_WARN_SUSPICIOUS_MOVE = YES;
				CLANG_WARN_UNREACHABLE_CODE = YES;
				CLANG_WARN__DUPLICATE_METHOD_MATCH = YES;
				"CODE_SIGN_IDENTITY[sdk=iphoneos*]" = "iPhone Developer";
				COPY_PHASE_STRIP = NO;
				DEBUG_INFORMATION_FORMAT = dwarf;
				ENABLE_STRICT_OBJC_MSGSEND = YES;
				ENABLE_TESTABILITY = YES;
				GCC_C_LANGUAGE_STANDARD = gnu99;
				GCC_DYNAMIC_NO_PIC = NO;
				GCC_NO_COMMON_BLOCKS = YES;
				GCC_OPTIMIZATION_LEVEL = 0;
				GCC_PREPROCESSOR_DEFINITIONS = (
					"DEBUG=1",
					"$(inherited)",
				);
				GCC_WARN_64_TO_32_BIT_CONVERSION = YES;
				GCC_WARN_ABOUT_RETURN_TYPE = YES_ERROR;
				GCC_WARN_UNDECLARED_SELECTOR = YES;
				GCC_WARN_UNINITIALIZED_AUTOS = YES_AGGRESSIVE;
				GCC_WARN_UNUSED_FUNCTION = YES;
				GCC_WARN_UNUSED_VARIABLE = YES;
				IPHONEOS_DEPLOYMENT_TARGET = 10.2;
				MTL_ENABLE_DEBUG_INFO = YES;
				ONLY_ACTIVE_ARCH = YES;
				SDKROOT = iphoneos;
				SWIFT_ACTIVE_COMPILATION_CONDITIONS = DEBUG;
				SWIFT_OPTIMIZATION_LEVEL = "-Onone";
			};
			name = Debug;
		};
		A9614D7B1E77F8F0009CA034 /* Release */ = {
			isa = XCBuildConfiguration;
			buildSettings = {
				ALWAYS_SEARCH_USER_PATHS = NO;
				CLANG_ANALYZER_NONNULL = YES;
				CLANG_CXX_LANGUAGE_STANDARD = "gnu++0x";
				CLANG_CXX_LIBRARY = "libc++";
				CLANG_ENABLE_MODULES = YES;
				CLANG_ENABLE_OBJC_ARC = YES;
				CLANG_WARN_BOOL_CONVERSION = YES;
				CLANG_WARN_CONSTANT_CONVERSION = YES;
				CLANG_WARN_DIRECT_OBJC_ISA_USAGE = YES_ERROR;
				CLANG_WARN_DOCUMENTATION_COMMENTS = YES;
				CLANG_WARN_EMPTY_BODY = YES;
				CLANG_WARN_ENUM_CONVERSION = YES;
				CLANG_WARN_INFINITE_RECURSION = YES;
				CLANG_WARN_INT_CONVERSION = YES;
				CLANG_WARN_OBJC_ROOT_CLASS = YES_ERROR;
				CLANG_WARN_SUSPICIOUS_MOVE = YES;
				CLANG_WARN_UNREACHABLE_CODE = YES;
				CLANG_WARN__DUPLICATE_METHOD_MATCH = YES;
				"CODE_SIGN_IDENTITY[sdk=iphoneos*]" = "iPhone Developer";
				COPY_PHASE_STRIP = NO;
				DEBUG_INFORMATION_FORMAT = "dwarf-with-dsym";
				ENABLE_NS_ASSERTIONS = NO;
				ENABLE_STRICT_OBJC_MSGSEND = YES;
				GCC_C_LANGUAGE_STANDARD = gnu99;
				GCC_NO_COMMON_BLOCKS = YES;
				GCC_WARN_64_TO_32_BIT_CONVERSION = YES;
				GCC_WARN_ABOUT_RETURN_TYPE = YES_ERROR;
				GCC_WARN_UNDECLARED_SELECTOR = YES;
				GCC_WARN_UNINITIALIZED_AUTOS = YES_AGGRESSIVE;
				GCC_WARN_UNUSED_FUNCTION = YES;
				GCC_WARN_UNUSED_VARIABLE = YES;
				IPHONEOS_DEPLOYMENT_TARGET = 10.2;
				MTL_ENABLE_DEBUG_INFO = NO;
				SDKROOT = iphoneos;
				SWIFT_OPTIMIZATION_LEVEL = "-Owholemodule";
				VALIDATE_PRODUCT = YES;
			};
			name = Release;
		};
		A9614D7D1E77F8F0009CA034 /* Debug */ = {
			isa = XCBuildConfiguration;
			buildSettings = {
				ASSETCATALOG_COMPILER_APPICON_NAME = AppIcon;
				DEVELOPMENT_TEAM = 4853CED358;
				INFOPLIST_FILE = "Link's Recipe/Info.plist";
				LD_RUNPATH_SEARCH_PATHS = "$(inherited) @executable_path/Frameworks";
				PRODUCT_BUNDLE_IDENTIFIER = "com.martinlist.Link-s-Recipe";
				PRODUCT_NAME = "$(TARGET_NAME)";
				SWIFT_VERSION = 3.0;
			};
			name = Debug;
		};
		A9614D7E1E77F8F0009CA034 /* Release */ = {
			isa = XCBuildConfiguration;
			buildSettings = {
				ASSETCATALOG_COMPILER_APPICON_NAME = AppIcon;
				DEVELOPMENT_TEAM = 4853CED358;
				INFOPLIST_FILE = "Link's Recipe/Info.plist";
				LD_RUNPATH_SEARCH_PATHS = "$(inherited) @executable_path/Frameworks";
				PRODUCT_BUNDLE_IDENTIFIER = "com.martinlist.Link-s-Recipe";
				PRODUCT_NAME = "$(TARGET_NAME)";
				SWIFT_VERSION = 3.0;
			};
			name = Release;
		};
/* End XCBuildConfiguration section */

/* Begin XCConfigurationList section */
		A9614D631E77F8F0009CA034 /* Build configuration list for PBXProject "Recipe Slate" */ = {
			isa = XCConfigurationList;
			buildConfigurations = (
				A9614D7A1E77F8F0009CA034 /* Debug */,
				A9614D7B1E77F8F0009CA034 /* Release */,
			);
			defaultConfigurationIsVisible = 0;
			defaultConfigurationName = Release;
		};
		A9614D7C1E77F8F0009CA034 /* Build configuration list for PBXNativeTarget "Recipe Slate" */ = {
			isa = XCConfigurationList;
			buildConfigurations = (
				A9614D7D1E77F8F0009CA034 /* Debug */,
				A9614D7E1E77F8F0009CA034 /* Release */,
			);
			defaultConfigurationIsVisible = 0;
			defaultConfigurationName = Release;
		};
/* End XCConfigurationList section */
	};
	rootObject = A9614D601E77F8F0009CA034 /* Project object */;
}
